// !$*UTF8*$!
{
	archiveVersion = 1;
	classes = {
	};
	objectVersion = 46;
	objects = {

/* Begin PBXBuildFile section */
		8F24F7481D3BDD2A00EC7798 /* BlueViewController.swift in Sources */ = {isa = PBXBuildFile; fileRef = 8F24F7471D3BDD2A00EC7798 /* BlueViewController.swift */; };
		8FAEC8F21D3B9A2100376267 /* AppDelegate.swift in Sources */ = {isa = PBXBuildFile; fileRef = 8FAEC8F11D3B9A2100376267 /* AppDelegate.swift */; };
		8FAEC8F41D3B9A2100376267 /* ViewController.swift in Sources */ = {isa = PBXBuildFile; fileRef = 8FAEC8F31D3B9A2100376267 /* ViewController.swift */; };
		8FAEC8F71D3B9A2100376267 /* Main.storyboard in Resources */ = {isa = PBXBuildFile; fileRef = 8FAEC8F51D3B9A2100376267 /* Main.storyboard */; };
		8FAEC8F91D3B9A2100376267 /* Assets.xcassets in Resources */ = {isa = PBXBuildFile; fileRef = 8FAEC8F81D3B9A2100376267 /* Assets.xcassets */; };
		8FAEC8FC1D3B9A2100376267 /* LaunchScreen.storyboard in Resources */ = {isa = PBXBuildFile; fileRef = 8FAEC8FA1D3B9A2100376267 /* LaunchScreen.storyboard */; };
/* End PBXBuildFile section */

/* Begin PBXFileReference section */
		8F24F7471D3BDD2A00EC7798 /* BlueViewController.swift */ = {isa = PBXFileReference; fileEncoding = 4; lastKnownFileType = sourcecode.swift; path = BlueViewController.swift; sourceTree = "<group>"; };
		8FAEC8EE1D3B9A2100376267 /* ViewControllerExample.app */ = {isa = PBXFileReference; explicitFileType = wrapper.application; includeInIndex = 0; path = ViewControllerExample.app; sourceTree = BUILT_PRODUCTS_DIR; };
		8FAEC8F11D3B9A2100376267 /* AppDelegate.swift */ = {isa = PBXFileReference; lastKnownFileType = sourcecode.swift; path = AppDelegate.swift; sourceTree = "<group>"; };
		8FAEC8F31D3B9A2100376267 /* ViewController.swift */ = {isa = PBXFileReference; lastKnownFileType = sourcecode.swift; path = ViewController.swift; sourceTree = "<group>"; };
		8FAEC8F61D3B9A2100376267 /* Base */ = {isa = PBXFileReference; lastKnownFileType = file.storyboard; name = Base; path = Base.lproj/Main.storyboard; sourceTree = "<group>"; };
		8FAEC8F81D3B9A2100376267 /* Assets.xcassets */ = {isa = PBXFileReference; lastKnownFileType = folder.assetcatalog; path = Assets.xcassets; sourceTree = "<group>"; };
		8FAEC8FB1D3B9A2100376267 /* Base */ = {isa = PBXFileReference; lastKnownFileType = file.storyboard; name = Base; path = Base.lproj/LaunchScreen.storyboard; sourceTree = "<group>"; };
		8FAEC8FD1D3B9A2100376267 /* Info.plist */ = {isa = PBXFileReference; lastKnownFileType = text.plist.xml; path = Info.plist; sourceTree = "<group>"; };
/* End PBXFileReference section */

/* Begin PBXFrameworksBuildPhase section */
		8FAEC8EB1D3B9A2100376267 /* Frameworks */ = {
			isa = PBXFrameworksBuildPhase;
			buildActionMask = 2147483647;
			files = (
			);
			runOnlyForDeploymentPostprocessing = 0;
		};
/* End PBXFrameworksBuildPhase section */

/* Begin PBXGroup section */
		8FAEC8E51D3B9A2100376267 = {
			isa = PBXGroup;
			children = (
				8FAEC8F01D3B9A2100376267 /* ViewControllerExample */,
				8FAEC8EF1D3B9A2100376267 /* Products */,
			);
			sourceTree = "<group>";
		};
		8FAEC8EF1D3B9A2100376267 /* Products */ = {
			isa = PBXGroup;
			children = (
				8FAEC8EE1D3B9A2100376267 /* ViewControllerExample.app */,
			);
			name = Products;
			sourceTree = "<group>";
		};
		8FAEC8F01D3B9A2100376267 /* ViewControllerExample */ = {
			isa = PBXGroup;
			children = (
				8FAEC8F11D3B9A2100376267 /* AppDelegate.swift */,
				8FAEC8F31D3B9A2100376267 /* ViewController.swift */,
				8FAEC8F51D3B9A2100376267 /* Main.storyboard */,
				8FAEC8F81D3B9A2100376267 /* Assets.xcassets */,
				8FAEC8FA1D3B9A2100376267 /* LaunchScreen.storyboard */,
				8FAEC8FD1D3B9A2100376267 /* Info.plist */,
				8F24F7471D3BDD2A00EC7798 /* BlueViewController.swift */,
			);
			path = ViewControllerExample;
			sourceTree = "<group>";
		};
/* End PBXGroup section */

/* Begin PBXNativeTarget section */
		8FAEC8ED1D3B9A2100376267 /* ViewControllerExample */ = {
			isa = PBXNativeTarget;
			buildConfigurationList = 8FAEC9001D3B9A2100376267 /* Build configuration list for PBXNativeTarget "ViewControllerExample" */;
			buildPhases = (
				8FAEC8EA1D3B9A2100376267 /* Sources */,
				8FAEC8EB1D3B9A2100376267 /* Frameworks */,
				8FAEC8EC1D3B9A2100376267 /* Resources */,
			);
			buildRules = (
			);
			dependencies = (
			);
			name = ViewControllerExample;
			productName = ViewControllerExample;
			productReference = 8FAEC8EE1D3B9A2100376267 /* ViewControllerExample.app */;
			productType = "com.apple.product-type.application";
		};
/* End PBXNativeTarget section */

/* Begin PBXProject section */
		8FAEC8E61D3B9A2100376267 /* Project object */ = {
			isa = PBXProject;
			attributes = {
				LastSwiftUpdateCheck = 0730;
				LastUpgradeCheck = 0730;
				ORGANIZATIONNAME = "Dino Musliu";
				TargetAttributes = {
					8FAEC8ED1D3B9A2100376267 = {
						CreatedOnToolsVersion = 7.3.1;
					};
				};
			};
			buildConfigurationList = 8FAEC8E91D3B9A2100376267 /* Build configuration list for PBXProject "ViewControllerExample" */;
			compatibilityVersion = "Xcode 3.2";
			developmentRegion = English;
			hasScannedForEncodings = 0;
			knownRegions = (
				en,
				Base,
			);
			mainGroup = 8FAEC8E51D3B9A2100376267;
			productRefGroup = 8FAEC8EF1D3B9A2100376267 /* Products */;
			projectDirPath = "";
			projectRoot = "";
			targets = (
				8FAEC8ED1D3B9A2100376267 /* ViewControllerExample */,
			);
		};
/* End PBXProject section */

/* Begin PBXResourcesBuildPhase section */
		8FAEC8EC1D3B9A2100376267 /* Resources */ = {
			isa = PBXResourcesBuildPhase;
			buildActionMask = 2147483647;
			files = (
				8FAEC8FC1D3B9A2100376267 /* LaunchScreen.storyboard in Resources */,
				8FAEC8F91D3B9A2100376267 /* Assets.xcassets in Resources */,
				8FAEC8F71D3B9A2100376267 /* Main.storyboard in Resources */,
			);
			runOnlyForDeploymentPostprocessing = 0;
		};
/* End PBXResourcesBuildPhase section */

/* Begin PBXSourcesBuildPhase section */
		8FAEC8EA1D3B9A2100376267 /* Sources */ = {
			isa = PBXSourcesBuildPhase;
			buildActionMask = 2147483647;
			files = (
				8FAEC8F41D3B9A2100376267 /* ViewController.swift in Sources */,
				8F24F7481D3BDD2A00EC7798 /* BlueViewController.swift in Sources */,
				8FAEC8F21D3B9A2100376267 /* AppDelegate.swift in Sources */,
			);
			runOnlyForDeploymentPostprocessing = 0;
		};
/* End PBXSourcesBuildPhase section */

/* Begin PBXVariantGroup section */
		8FAEC8F51D3B9A2100376267 /* Main.storyboard */ = {
			isa = PBXVariantGroup;
			children = (
				8FAEC8F61D3B9A2100376267 /* Base */,
			);
			name = Main.storyboard;
			sourceTree = "<group>";
		};
		8FAEC8FA1D3B9A2100376267 /* LaunchScreen.storyboard */ = {
			isa = PBXVariantGroup;
			children = (
				8FAEC8FB1D3B9A2100376267 /* Base */,
			);
			name = LaunchScreen.storyboard;
			sourceTree = "<group>";
		};
/* End PBXVariantGroup section */

/* Begin XCBuildConfiguration section */
		8FAEC8FE1D3B9A2100376267 /* Debug */ = {
			isa = XCBuildConfiguration;
			buildSettings = {
				ALWAYS_SEARCH_USER_PATHS = NO;
				CLANG_ANALYZER_NONNULL = YES;
				CLANG_CXX_LANGUAGE_STANDARD = "gnu++0x";
				CLANG_CXX_LIBRARY = "libc++";
				CLANG_ENABLE_MODULES = YES;
				CLANG_ENABLE_OBJC_ARC = YES;
				CLANG_WARN_BOOL_CONVERSION = YES;
				CLANG_WARN_CONSTANT_CONVERSION = YES;
				CLANG_WARN_DIRECT_OBJC_ISA_USAGE = YES_ERROR;
				CLANG_WARN_EMPTY_BODY = YES;
				CLANG_WARN_ENUM_CONVERSION = YES;
				CLANG_WARN_INT_CONVERSION = YES;
				CLANG_WARN_OBJC_ROOT_CLASS = YES_ERROR;
				CLANG_WARN_UNREACHABLE_CODE = YES;
				CLANG_WARN__DUPLICATE_METHOD_MATCH = YES;
				"CODE_SIGN_IDENTITY[sdk=iphoneos*]" = "iPhone Developer";
				COPY_PHASE_STRIP = NO;
				DEBUG_INFORMATION_FORMAT = dwarf;
				ENABLE_STRICT_OBJC_MSGSEND = YES;
				ENABLE_TESTABILITY = YES;
				GCC_C_LANGUAGE_STANDARD = gnu99;
				GCC_DYNAMIC_NO_PIC = NO;
				GCC_NO_COMMON_BLOCKS = YES;
				GCC_OPTIMIZATION_LEVEL = 0;
				GCC_PREPROCESSOR_DEFINITIONS = (
					"DEBUG=1",
					"$(inherited)",
				);
				GCC_WARN_64_TO_32_BIT_CONVERSION = YES;
				GCC_WARN_ABOUT_RETURN_TYPE = YES_ERROR;
				GCC_WARN_UNDECLARED_SELECTOR = YES;
				GCC_WARN_UNINITIALIZED_AUTOS = YES_AGGRESSIVE;
				GCC_WARN_UNUSED_FUNCTION = YES;
				GCC_WARN_UNUSED_VARIABLE = YES;
				IPHONEOS_DEPLOYMENT_TARGET = 9.3;
				MTL_ENABLE_DEBUG_INFO = YES;
				ONLY_ACTIVE_ARCH = YES;
				SDKROOT = iphoneos;
				SWIFT_OPTIMIZATION_LEVEL = "-Onone";
			};
			name = Debug;
		};
		8FAEC8FF1D3B9A2100376267 /* Release */ = {
			isa = XCBuildConfiguration;
			buildSettings = {
				ALWAYS_SEARCH_USER_PATHS = NO;
				CLANG_ANALYZER_NONNULL = YES;
				CLANG_CXX_LANGUAGE_STANDARD = "gnu++0x";
				CLANG_CXX_LIBRARY = "libc++";
				CLANG_ENABLE_MODULES = YES;
				CLANG_ENABLE_OBJC_ARC = YES;
				CLANG_WARN_BOOL_CONVERSION = YES;
				CLANG_WARN_CONSTANT_CONVERSION = YES;
				CLANG_WARN_DIRECT_OBJC_ISA_USAGE = YES_ERROR;
				CLANG_WARN_EMPTY_BODY = YES;
				CLANG_WARN_ENUM_CONVERSION = YES;
				CLANG_WARN_INT_CONVERSION = YES;
				CLANG_WARN_OBJC_ROOT_CLASS = YES_ERROR;
				CLANG_WARN_UNREACHABLE_CODE = YES;
				CLANG_WARN__DUPLICATE_METHOD_MATCH = YES;
				"CODE_SIGN_IDENTITY[sdk=iphoneos*]" = "iPhone Developer";
				COPY_PHASE_STRIP = NO;
				DEBUG_INFORMATION_FORMAT = "dwarf-with-dsym";
				ENABLE_NS_ASSERTIONS = NO;
				ENABLE_STRICT_OBJC_MSGSEND = YES;
				GCC_C_LANGUAGE_STANDARD = gnu99;
				GCC_NO_COMMON_BLOCKS = YES;
				GCC_WARN_64_TO_32_BIT_CONVERSION = YES;
				GCC_WARN_ABOUT_RETURN_TYPE = YES_ERROR;
				GCC_WARN_UNDECLARED_SELECTOR = YES;
				GCC_WARN_UNINITIALIZED_AUTOS = YES_AGGRESSIVE;
				GCC_WARN_UNUSED_FUNCTION = YES;
				GCC_WARN_UNUSED_VARIABLE = YES;
				IPHONEOS_DEPLOYMENT_TARGET = 9.3;
				MTL_ENABLE_DEBUG_INFO = NO;
				SDKROOT = iphoneos;
				VALIDATE_PRODUCT = YES;
			};
			name = Release;
		};
		8FAEC9011D3B9A2100376267 /* Debug */ = {
			isa = XCBuildConfiguration;
			buildSettings = {
				ASSETCATALOG_COMPILER_APPICON_NAME = AppIcon;
				INFOPLIST_FILE = ViewControllerExample/Info.plist;
				LD_RUNPATH_SEARCH_PATHS = "$(inherited) @executable_path/Frameworks";
				PRODUCT_BUNDLE_IDENTIFIER = com.mdino.ViewControllerExample;
				PRODUCT_NAME = "$(TARGET_NAME)";
			};
			name = Debug;
		};
		8FAEC9021D3B9A2100376267 /* Release */ = {
			isa = XCBuildConfiguration;
			buildSettings = {
				ASSETCATALOG_COMPILER_APPICON_NAME = AppIcon;
				INFOPLIST_FILE = ViewControllerExample/Info.plist;
				LD_RUNPATH_SEARCH_PATHS = "$(inherited) @executable_path/Frameworks";
				PRODUCT_BUNDLE_IDENTIFIER = com.mdino.ViewControllerExample;
				PRODUCT_NAME = "$(TARGET_NAME)";
			};
			name = Release;
		};
/* End XCBuildConfiguration section */

/* Begin XCConfigurationList section */
		8FAEC8E91D3B9A2100376267 /* Build configuration list for PBXProject "ViewControllerExample" */ = {
			isa = XCConfigurationList;
			buildConfigurations = (
				8FAEC8FE1D3B9A2100376267 /* Debug */,
				8FAEC8FF1D3B9A2100376267 /* Release */,
			);
			defaultConfigurationIsVisible = 0;
			defaultConfigurationName = Release;
		};
		8FAEC9001D3B9A2100376267 /* Build configuration list for PBXNativeTarget "ViewControllerExample" */ = {
			isa = XCConfigurationList;
			buildConfigurations = (
				8FAEC9011D3B9A2100376267 /* Debug */,
				8FAEC9021D3B9A2100376267 /* Release */,
			);
			defaultConfigurationIsVisible = 0;
			defaultConfigurationName = Release;
		};
/* End XCConfigurationList section */
	};
	rootObject = 8FAEC8E61D3B9A2100376267 /* Project object */;
}
